
Microsoft Visual Studio Solution File, Format Version 12.00
# Visual Studio 15
VisualStudioVersion = 15.0.28307.1259
MinimumVisualStudioVersion = 10.0.40219.1
Project("{FAE04EC0-301F-11D3-BF4B-00C04F79EFBC}") = "CL_DSW_CARRITO", "CL_DSW_CARRITO\CL_DSW_CARRITO.csproj", "{3A804A03-31F3-40E4-8664-E21B95FBBD81}"
EndProject
Global
	GlobalSection(SolutionConfigurationPlatforms) = preSolution
		Debug|Any CPU = Debug|Any CPU
		Release|Any CPU = Release|Any CPU
	EndGlobalSection
	GlobalSection(ProjectConfigurationPlatforms) = postSolution
		{3A804A03-31F3-40E4-8664-E21B95FBBD81}.Debug|Any CPU.ActiveCfg = Debug|Any CPU
		{3A804A03-31F3-40E4-8664-E21B95FBBD81}.Debug|Any CPU.Build.0 = Debug|Any CPU
		{3A804A03-31F3-40E4-8664-E21B95FBBD81}.Release|Any CPU.ActiveCfg = Release|Any CPU
		{3A804A03-31F3-40E4-8664-E21B95FBBD81}.Release|Any CPU.Build.0 = Release|Any CPU
	EndGlobalSection
	GlobalSection(SolutionProperties) = preSolution
		HideSolutionNode = FALSE
	EndGlobalSection
	GlobalSection(ExtensibilityGlobals) = postSolution
		SolutionGuid = {0B231ADB-A390-46FF-94D7-7251553CDB9E}
	EndGlobalSection
EndGlobal
